# This file is autogenerated, do not edit; changes may be undone by the next 'dep ensure'.


[[projects]]
  branch = "master"
  name = "github.com/dotmesh-io/citools"
  packages = ["."]
  revision = "5a724518fb3f269b00e2501d61fe7470a80c0429"

[[projects]]
  name = "github.com/gorilla/rpc"
  packages = [
    "v2",
    "v2/json2"
  ]
  revision = "22c016f3df3febe0c1f6727598b6389507e03a18"
  version = "v1.1.0"

[solve-meta]
  analyzer-name = "dep"
  analyzer-version = 1
  inputs-digest = "086628e1761ddc9d92d87576a3b4c4ab86d2e01d83831345b4b2dad998a39f88"
  solver-name = "gps-cdcl"
  solver-version = 1
