# This file is autogenerated, do not edit; changes may be undone by the next 'dep ensure'.


[[projects]]
  branch = "master"
  name = "github.com/dotmesh-io/citools"
  packages = ["."]
  revision = "4e71e62ce739dd7db8468d41c4b740f1eb1d0858"

[[projects]]
  branch = "master"
  name = "github.com/dotmesh-io/rpc"
  packages = [
    "v2",
    "v2/json2"
  ]
  revision = "a4d307ba3406b4c16a55897a1f1f494cd61d4cdd"

[solve-meta]
  analyzer-name = "dep"
  analyzer-version = 1
  inputs-digest = "086628e1761ddc9d92d87576a3b4c4ab86d2e01d83831345b4b2dad998a39f88"
  solver-name = "gps-cdcl"
  solver-version = 1
