# This file is autogenerated, do not edit; changes may be undone by the next 'dep ensure'.


[[projects]]
  name = "github.com/Shopify/sarama"
  packages = ["."]
  revision = "f4842fc9aec9d1aeb86d0c72c8249ca3e2bbc06e"

[[projects]]
  name = "github.com/apache/thrift"
  packages = ["lib/go/thrift"]
  revision = "84d6af4cf903571319e0ebddd7beb12bc93fb752"

[[projects]]
  name = "github.com/blang/semver"
  packages = ["."]
  revision = "60ec3488bfea7cca02b021d106d9911120d25fe9"
  version = "v3.3.0"

[[projects]]
  name = "github.com/coreos/etcd"
  packages = [
    "client",
    "pkg/pathutil",
    "pkg/types"
  ]
  revision = "8825392da229e03467ee2e374ca974c91fd6ee50"

[[projects]]
  name = "github.com/davecgh/go-spew"
  packages = ["spew"]
  revision = "346938d642f2ec3594ed81d874461961cd0faa76"
  version = "v1.1.0"

[[projects]]
  branch = "master"
  name = "github.com/dotmesh-io/rpc"
  packages = [
    "v2",
    "v2/json2"
  ]
  revision = "28424423fbdb996641cc23d347db7b286db66907"

[[projects]]
  name = "github.com/eapache/go-resiliency"
  packages = ["breaker"]
  revision = "b86b1ec0dd4209a588dc1285cdd471e73525c0b3"

[[projects]]
  branch = "master"
  name = "github.com/eapache/go-xerial-snappy"
  packages = ["."]
  revision = "bb955e01b9346ac19dc29eb16586c90ded99a98c"

[[projects]]
  name = "github.com/eapache/queue"
  packages = ["."]
  revision = "44cc805cf13205b55f69e14bcb69867d1ae92f98"
  version = "v1.1.0"

[[projects]]
  name = "github.com/gogo/protobuf"
  packages = ["proto"]
  revision = "8d70fb3182befc465c4a1eac8ad4d38ff49778e2"

[[projects]]
  name = "github.com/golang/snappy"
  packages = ["."]
  revision = "d9eb7a3d35ec988b8585d4a0068e462c27d28380"

[[projects]]
  name = "github.com/howeyc/gopass"
  packages = ["."]
  revision = "f5387c492211eb133053880d23dfae62aa14123d"

[[projects]]
  name = "github.com/inconshreveable/mousetrap"
  packages = ["."]
  revision = "76626ae9c91c4f2a10f34cad8ce83ea42c93bb75"
  version = "v1.0"

[[projects]]
  name = "github.com/klauspost/crc32"
  packages = ["."]
  revision = "cb6bfca970f6908083f26f39a79009d608efd5cd"
  version = "v1.1"

[[projects]]
  name = "github.com/mattn/go-runewidth"
  packages = ["."]
  revision = "737072b4e32b7a5018b4a7125da8d12de90e8045"

[[projects]]
  name = "github.com/mitchellh/go-homedir"
  packages = ["."]
  revision = "756f7b183b7ab78acdbbee5c7f392838ed459dda"

[[projects]]
  name = "github.com/opentracing/opentracing-go"
  packages = [
    ".",
    "ext",
    "log"
  ]
  revision = "902ca977fd85455c364050f985eba376b44315f0"

[[projects]]
  name = "github.com/openzipkin/zipkin-go-opentracing"
  packages = [
    ".",
    "_thrift/gen-go/scribe",
    "_thrift/gen-go/zipkincore",
    "examples/middleware",
    "flag",
    "types",
    "wire"
  ]
  revision = "e877b8e9d1069eaedfe4f27e9b6a51cfe20073c9"
  version = "v0.2.1"

[[projects]]
  name = "github.com/pierrec/lz4"
  packages = ["."]
  revision = "ed384a0ef355ee01915875486e8c245ebd567527"

[[projects]]
  name = "github.com/pierrec/xxHash"
  packages = ["xxHash32"]
  revision = "5a004441f897722c627870a981d02b29924215fa"

[[projects]]
  name = "github.com/rcrowley/go-metrics"
  packages = ["."]
  revision = "ab2277b1c5d15c3cba104e9cbddbdfc622df5ad8"

[[projects]]
  name = "github.com/spf13/cobra"
  packages = ["."]
  revision = "856b96dcb49d6427babe192998a35190a12c2230"

[[projects]]
  name = "github.com/spf13/pflag"
  packages = ["."]
  revision = "dabebe21bf790f782ea4c7bbd2efc430de182afd"

[[projects]]
  name = "github.com/ugorji/go"
  packages = ["codec"]
  revision = "faddd6128c66c4708f45fdc007f575f75e592a3c"

[[projects]]
  name = "golang.org/x/crypto"
  packages = [
    "pbkdf2",
    "scrypt",
    "ssh/terminal"
  ]
  revision = "3c0d69f1777220f1a1d2ec373cb94a282f03eb42"

[[projects]]
  name = "golang.org/x/net"
  packages = [
    "context",
    "internal/timeseries",
    "trace"
  ]
  revision = "f09c4662a0bd6bd8943ac7b4931e185df9471da4"

[[projects]]
  name = "golang.org/x/sys"
  packages = ["unix"]
  revision = "c200b10b5d5e122be351b67af224adc6128af5bf"

[[projects]]
  name = "gopkg.in/cheggaaa/pb.v1"
  packages = ["."]
  revision = "d7e6ca3010b6f084d8056847f55d7f572f180678"
  version = "v1.0.7"

[solve-meta]
  analyzer-name = "dep"
  analyzer-version = 1
  inputs-digest = "f8da7c68324b4547bbaa3b415023b6482517ac215e08fa920c2b6781cde9975d"
  solver-name = "gps-cdcl"
  solver-version = 1
