# This file is autogenerated, do not edit; changes may be undone by the next 'dep ensure'.


[[projects]]
  branch = "master"
  name = "github.com/gorilla/rpc"
  packages = [
    "v2",
    "v2/json2"
  ]
  revision = "5c1378103183095acc1b9289ac1475e3bc1e818e"

[solve-meta]
  analyzer-name = "dep"
  analyzer-version = 1
  inputs-digest = "d2f3787cea070b4cc03e8937630e2c1c0e24d1e3f253f5e73e3440b5bab0c8cc"
  solver-name = "gps-cdcl"
  solver-version = 1
